
Microsoft Visual Studio Solution File, Format Version 12.00
# Visual Studio Version 17
VisualStudioVersion = 17.3.32901.215
MinimumVisualStudioVersion = 10.0.40219.1
Project("{9A19103F-16F7-4668-BE54-9A1E7A4F7556}") = "ejercicio10", "ejercicio10\ejercicio10.csproj", "{C34B8796-1468-4CB2-A906-A13BCCFEC334}"
EndProject
Project("{9A19103F-16F7-4668-BE54-9A1E7A4F7556}") = "ejercicio 11", "..\ejercicio 11\ejercicio 11.csproj", "{66D5C2A3-68ED-48A4-A059-C5C7755DDFF7}"
EndProject
Project("{9A19103F-16F7-4668-BE54-9A1E7A4F7556}") = "ejercicio12", "..\ejercicio12\ejercicio12.csproj", "{714D03F6-1F1F-412F-ACDB-B6D2A2903CE8}"
EndProject
Project("{9A19103F-16F7-4668-BE54-9A1E7A4F7556}") = "ejercicio13", "..\ejercicio13\ejercicio13.csproj", "{C57B3FFF-A86B-407C-8B17-0D1D02B730DA}"
EndProject
Project("{9A19103F-16F7-4668-BE54-9A1E7A4F7556}") = "ejercicio14", "..\ejercicio14\ejercicio14.csproj", "{19CE0FD3-EA21-40EC-8FE9-925B5CE3831B}"
EndProject
Project("{9A19103F-16F7-4668-BE54-9A1E7A4F7556}") = "ejercicio1", "..\ejercicio1\ejercicio1.csproj", "{C5464F95-1767-4E2C-8A8F-4A6AF87EC523}"
EndProject
Project("{9A19103F-16F7-4668-BE54-9A1E7A4F7556}") = "ejercicio2", "..\ejercicio2\ejercicio2.csproj", "{F1C5948F-550E-4CD3-A148-5456341DCE95}"
EndProject
Project("{9A19103F-16F7-4668-BE54-9A1E7A4F7556}") = "ejercicio3", "..\ejercicio3\ejercicio3.csproj", "{786C5505-4D14-4172-90E1-BF536DDA02C6}"
EndProject
Project("{9A19103F-16F7-4668-BE54-9A1E7A4F7556}") = "ejercicio4", "..\ejercicio4\ejercicio4.csproj", "{DA0DD1F0-5AB3-4A62-805F-2949AF132B47}"
EndProject
Project("{9A19103F-16F7-4668-BE54-9A1E7A4F7556}") = "ejericio5", "..\ejericio5\ejericio5.csproj", "{7A8F6D57-4184-4408-B52D-4960902D2E75}"
EndProject
Project("{9A19103F-16F7-4668-BE54-9A1E7A4F7556}") = "ejercicio15", "..\ejercicio15\ejercicio15.csproj", "{029EB4F0-6B9A-4F89-AC62-E9169C965A5C}"
EndProject
Project("{9A19103F-16F7-4668-BE54-9A1E7A4F7556}") = "ejercicio16", "..\ejercicio16\ejercicio16.csproj", "{A535E2AA-E62A-4A27-9E0C-1F37D96C33C1}"
EndProject
Project("{9A19103F-16F7-4668-BE54-9A1E7A4F7556}") = "ejercicio17", "..\ejercicio17\ejercicio17.csproj", "{CA3EDE61-6866-4516-B11A-F8AA02DDAD66}"
EndProject
Project("{9A19103F-16F7-4668-BE54-9A1E7A4F7556}") = "Ejercicio18", "..\Ejercicio18\Ejercicio18.csproj", "{734C3A71-97E4-4836-BD68-3086DB40EE5F}"
EndProject
Project("{9A19103F-16F7-4668-BE54-9A1E7A4F7556}") = "ERDiamante", "..\ERDiamante\ERDiamante.csproj", "{8D3D7F4E-2C22-4579-BFE4-4999560402C7}"
EndProject
Project("{9A19103F-16F7-4668-BE54-9A1E7A4F7556}") = "Ejercicio20", "..\Ejercicio20\Ejercicio20.csproj", "{8B9E05BA-3F9A-43D8-8CB6-8C709804BB61}"
EndProject
Project("{9A19103F-16F7-4668-BE54-9A1E7A4F7556}") = "Ejercicio21", "..\Ejercicio21\Ejercicio21.csproj", "{FE75B430-FBA0-4352-AF98-F6DB28264A43}"
EndProject
Project("{9A19103F-16F7-4668-BE54-9A1E7A4F7556}") = "Ejercicio31", "..\Ejercicio31\Ejercicio31.csproj", "{D3FF2C42-AF15-4208-8250-03E9E5D5EF2F}"
EndProject
Project("{9A19103F-16F7-4668-BE54-9A1E7A4F7556}") = "Ejercicio32", "..\Ejercicio32\Ejercicio32.csproj", "{DFD4D187-94EF-45D3-9AEF-591F11AD9B2A}"
EndProject
Project("{9A19103F-16F7-4668-BE54-9A1E7A4F7556}") = "Ejercicio25", "..\Ejercicio25\Ejercicio25.csproj", "{3CFED4A7-E12B-4368-B235-DDECD327CB9C}"
EndProject
Project("{9A19103F-16F7-4668-BE54-9A1E7A4F7556}") = "Ejercicio 26", "..\Ejercicio 26\Ejercicio 26.csproj", "{51971B44-C0EA-4F8E-A4A9-8D639CFC984E}"
EndProject
Project("{9A19103F-16F7-4668-BE54-9A1E7A4F7556}") = "Ejercicio 22", "..\Ejercicio 22\Ejercicio 22.csproj", "{99A345CE-2C0A-4118-869E-8C69E38B0EF6}"
EndProject
Project("{9A19103F-16F7-4668-BE54-9A1E7A4F7556}") = "El Ahorcao", "..\El Ahorcao\El Ahorcao.csproj", "{08F28B2C-8D47-43D9-A4DF-B88695A57E33}"
EndProject
Project("{9A19103F-16F7-4668-BE54-9A1E7A4F7556}") = "Ejercicio27", "..\Ejercicio27\Ejercicio27.csproj", "{739A577A-0E6D-45D2-B7C2-900B741D2323}"
EndProject
Project("{9A19103F-16F7-4668-BE54-9A1E7A4F7556}") = "Ejercicio28", "..\Ejercicio28\Ejercicio28.csproj", "{EC9B713B-FFC4-4A8E-A993-BA2FECFCC3CC}"
EndProject
Project("{9A19103F-16F7-4668-BE54-9A1E7A4F7556}") = "Ejercicio29", "..\Ejercicio29\Ejercicio29.csproj", "{B45D57F7-623E-470C-9AA6-F91655D7FFCB}"
EndProject
Project("{9A19103F-16F7-4668-BE54-9A1E7A4F7556}") = "Ejercicio30", "..\Ejercicio30\Ejercicio30.csproj", "{0BEF47C9-537A-4452-B7D7-9CD50E917423}"
EndProject
Project("{9A19103F-16F7-4668-BE54-9A1E7A4F7556}") = "Comprobasao", "..\Comprobasao\Comprobasao.csproj", "{C37AFDAB-EBB4-4627-AF0B-F012A8069D9D}"
EndProject
Project("{9A19103F-16F7-4668-BE54-9A1E7A4F7556}") = "Ejercicio24", "..\Ejercicio24\Ejercicio24.csproj", "{E57924A1-B3CC-44FD-97C0-DE9557918B79}"
EndProject
Project("{9A19103F-16F7-4668-BE54-9A1E7A4F7556}") = "Ejercicio33", "..\Ejercicio33\Ejercicio33.csproj", "{0721AAEC-0138-4C49-B5B7-F5A47F826C52}"
EndProject
Project("{9A19103F-16F7-4668-BE54-9A1E7A4F7556}") = "Ejercicio34", "..\Ejercicio34\Ejercicio34.csproj", "{847A50C4-21F5-4CA7-83FC-729E866D91F3}"
EndProject
Project("{9A19103F-16F7-4668-BE54-9A1E7A4F7556}") = "Ejercicio 35", "..\Ejercicio 35\Ejercicio 35.csproj", "{D07F1DE5-3BF2-423C-8B80-D99D53537461}"
EndProject
Project("{9A19103F-16F7-4668-BE54-9A1E7A4F7556}") = "Ejercicio 36", "..\Ejercicio 36\Ejercicio 36.csproj", "{853B8E3F-E4EB-48EB-99C5-A3966ABB0F60}"
EndProject
Project("{9A19103F-16F7-4668-BE54-9A1E7A4F7556}") = "Ejercicio 38", "..\Ejercicio 38\Ejercicio 38.csproj", "{0DB5E972-337E-45DE-B03D-783830295D99}"
EndProject
Project("{FAE04EC0-301F-11D3-BF4B-00C04F79EFBC}") = "Ejercicio 6", "..\Ejercicio 6\Ejercicio 6.csproj", "{6D306FDC-3D26-4354-BC00-EC3FA97D6AAF}"
EndProject
Project("{FAE04EC0-301F-11D3-BF4B-00C04F79EFBC}") = "Ejercicio 7", "..\Ejercicio 7\Ejercicio 7.csproj", "{7263FEC2-A57D-45E3-B79E-504138B6D85E}"
EndProject
Project("{FAE04EC0-301F-11D3-BF4B-00C04F79EFBC}") = "Ejercicio 8", "..\Ejercicio 8\Ejercicio 8.csproj", "{1AF52D2C-FB21-4730-97B5-2AF63CE55947}"
EndProject
Project("{FAE04EC0-301F-11D3-BF4B-00C04F79EFBC}") = "Ejercicio 9", "..\Ejercicio 9\Ejercicio 9.csproj", "{3C3842DE-E7D2-4DB6-B077-F9F685110C9E}"
EndProject
Project("{FAE04EC0-301F-11D3-BF4B-00C04F79EFBC}") = "Ejercicio 23", "..\Ejercicio 23\Ejercicio 23.csproj", "{62A059F2-11DB-44F5-BA0F-34D8D59C25E5}"
EndProject
Project("{FAE04EC0-301F-11D3-BF4B-00C04F79EFBC}") = "Ejercicio 37", "..\Ejercicio 37\Ejercicio 37.csproj", "{522C87C0-9C4A-4AC2-BA8E-C8D7BB7E001A}"
EndProject
Global
	GlobalSection(SolutionConfigurationPlatforms) = preSolution
		Debug|Any CPU = Debug|Any CPU
		Release|Any CPU = Release|Any CPU
	EndGlobalSection
	GlobalSection(ProjectConfigurationPlatforms) = postSolution
		{C34B8796-1468-4CB2-A906-A13BCCFEC334}.Debug|Any CPU.ActiveCfg = Debug|Any CPU
		{C34B8796-1468-4CB2-A906-A13BCCFEC334}.Debug|Any CPU.Build.0 = Debug|Any CPU
		{C34B8796-1468-4CB2-A906-A13BCCFEC334}.Release|Any CPU.ActiveCfg = Release|Any CPU
		{C34B8796-1468-4CB2-A906-A13BCCFEC334}.Release|Any CPU.Build.0 = Release|Any CPU
		{66D5C2A3-68ED-48A4-A059-C5C7755DDFF7}.Debug|Any CPU.ActiveCfg = Debug|Any CPU
		{66D5C2A3-68ED-48A4-A059-C5C7755DDFF7}.Debug|Any CPU.Build.0 = Debug|Any CPU
		{66D5C2A3-68ED-48A4-A059-C5C7755DDFF7}.Release|Any CPU.ActiveCfg = Release|Any CPU
		{66D5C2A3-68ED-48A4-A059-C5C7755DDFF7}.Release|Any CPU.Build.0 = Release|Any CPU
		{714D03F6-1F1F-412F-ACDB-B6D2A2903CE8}.Debug|Any CPU.ActiveCfg = Debug|Any CPU
		{714D03F6-1F1F-412F-ACDB-B6D2A2903CE8}.Debug|Any CPU.Build.0 = Debug|Any CPU
		{714D03F6-1F1F-412F-ACDB-B6D2A2903CE8}.Release|Any CPU.ActiveCfg = Release|Any CPU
		{714D03F6-1F1F-412F-ACDB-B6D2A2903CE8}.Release|Any CPU.Build.0 = Release|Any CPU
		{C57B3FFF-A86B-407C-8B17-0D1D02B730DA}.Debug|Any CPU.ActiveCfg = Debug|Any CPU
		{C57B3FFF-A86B-407C-8B17-0D1D02B730DA}.Debug|Any CPU.Build.0 = Debug|Any CPU
		{C57B3FFF-A86B-407C-8B17-0D1D02B730DA}.Release|Any CPU.ActiveCfg = Release|Any CPU
		{C57B3FFF-A86B-407C-8B17-0D1D02B730DA}.Release|Any CPU.Build.0 = Release|Any CPU
		{19CE0FD3-EA21-40EC-8FE9-925B5CE3831B}.Debug|Any CPU.ActiveCfg = Debug|Any CPU
		{19CE0FD3-EA21-40EC-8FE9-925B5CE3831B}.Debug|Any CPU.Build.0 = Debug|Any CPU
		{19CE0FD3-EA21-40EC-8FE9-925B5CE3831B}.Release|Any CPU.ActiveCfg = Release|Any CPU
		{19CE0FD3-EA21-40EC-8FE9-925B5CE3831B}.Release|Any CPU.Build.0 = Release|Any CPU
		{C5464F95-1767-4E2C-8A8F-4A6AF87EC523}.Debug|Any CPU.ActiveCfg = Debug|Any CPU
		{C5464F95-1767-4E2C-8A8F-4A6AF87EC523}.Debug|Any CPU.Build.0 = Debug|Any CPU
		{C5464F95-1767-4E2C-8A8F-4A6AF87EC523}.Release|Any CPU.ActiveCfg = Release|Any CPU
		{C5464F95-1767-4E2C-8A8F-4A6AF87EC523}.Release|Any CPU.Build.0 = Release|Any CPU
		{F1C5948F-550E-4CD3-A148-5456341DCE95}.Debug|Any CPU.ActiveCfg = Debug|Any CPU
		{F1C5948F-550E-4CD3-A148-5456341DCE95}.Debug|Any CPU.Build.0 = Debug|Any CPU
		{F1C5948F-550E-4CD3-A148-5456341DCE95}.Release|Any CPU.ActiveCfg = Release|Any CPU
		{F1C5948F-550E-4CD3-A148-5456341DCE95}.Release|Any CPU.Build.0 = Release|Any CPU
		{786C5505-4D14-4172-90E1-BF536DDA02C6}.Debug|Any CPU.ActiveCfg = Debug|Any CPU
		{786C5505-4D14-4172-90E1-BF536DDA02C6}.Debug|Any CPU.Build.0 = Debug|Any CPU
		{786C5505-4D14-4172-90E1-BF536DDA02C6}.Release|Any CPU.ActiveCfg = Release|Any CPU
		{786C5505-4D14-4172-90E1-BF536DDA02C6}.Release|Any CPU.Build.0 = Release|Any CPU
		{DA0DD1F0-5AB3-4A62-805F-2949AF132B47}.Debug|Any CPU.ActiveCfg = Debug|Any CPU
		{DA0DD1F0-5AB3-4A62-805F-2949AF132B47}.Debug|Any CPU.Build.0 = Debug|Any CPU
		{DA0DD1F0-5AB3-4A62-805F-2949AF132B47}.Release|Any CPU.ActiveCfg = Release|Any CPU
		{DA0DD1F0-5AB3-4A62-805F-2949AF132B47}.Release|Any CPU.Build.0 = Release|Any CPU
		{7A8F6D57-4184-4408-B52D-4960902D2E75}.Debug|Any CPU.ActiveCfg = Debug|Any CPU
		{7A8F6D57-4184-4408-B52D-4960902D2E75}.Debug|Any CPU.Build.0 = Debug|Any CPU
		{7A8F6D57-4184-4408-B52D-4960902D2E75}.Release|Any CPU.ActiveCfg = Release|Any CPU
		{7A8F6D57-4184-4408-B52D-4960902D2E75}.Release|Any CPU.Build.0 = Release|Any CPU
		{029EB4F0-6B9A-4F89-AC62-E9169C965A5C}.Debug|Any CPU.ActiveCfg = Debug|Any CPU
		{029EB4F0-6B9A-4F89-AC62-E9169C965A5C}.Debug|Any CPU.Build.0 = Debug|Any CPU
		{029EB4F0-6B9A-4F89-AC62-E9169C965A5C}.Release|Any CPU.ActiveCfg = Release|Any CPU
		{029EB4F0-6B9A-4F89-AC62-E9169C965A5C}.Release|Any CPU.Build.0 = Release|Any CPU
		{A535E2AA-E62A-4A27-9E0C-1F37D96C33C1}.Debug|Any CPU.ActiveCfg = Debug|Any CPU
		{A535E2AA-E62A-4A27-9E0C-1F37D96C33C1}.Debug|Any CPU.Build.0 = Debug|Any CPU
		{A535E2AA-E62A-4A27-9E0C-1F37D96C33C1}.Release|Any CPU.ActiveCfg = Release|Any CPU
		{A535E2AA-E62A-4A27-9E0C-1F37D96C33C1}.Release|Any CPU.Build.0 = Release|Any CPU
		{CA3EDE61-6866-4516-B11A-F8AA02DDAD66}.Debug|Any CPU.ActiveCfg = Debug|Any CPU
		{CA3EDE61-6866-4516-B11A-F8AA02DDAD66}.Debug|Any CPU.Build.0 = Debug|Any CPU
		{CA3EDE61-6866-4516-B11A-F8AA02DDAD66}.Release|Any CPU.ActiveCfg = Release|Any CPU
		{CA3EDE61-6866-4516-B11A-F8AA02DDAD66}.Release|Any CPU.Build.0 = Release|Any CPU
		{734C3A71-97E4-4836-BD68-3086DB40EE5F}.Debug|Any CPU.ActiveCfg = Debug|Any CPU
		{734C3A71-97E4-4836-BD68-3086DB40EE5F}.Debug|Any CPU.Build.0 = Debug|Any CPU
		{734C3A71-97E4-4836-BD68-3086DB40EE5F}.Release|Any CPU.ActiveCfg = Release|Any CPU
		{734C3A71-97E4-4836-BD68-3086DB40EE5F}.Release|Any CPU.Build.0 = Release|Any CPU
		{8D3D7F4E-2C22-4579-BFE4-4999560402C7}.Debug|Any CPU.ActiveCfg = Debug|Any CPU
		{8D3D7F4E-2C22-4579-BFE4-4999560402C7}.Debug|Any CPU.Build.0 = Debug|Any CPU
		{8D3D7F4E-2C22-4579-BFE4-4999560402C7}.Release|Any CPU.ActiveCfg = Release|Any CPU
		{8D3D7F4E-2C22-4579-BFE4-4999560402C7}.Release|Any CPU.Build.0 = Release|Any CPU
		{8B9E05BA-3F9A-43D8-8CB6-8C709804BB61}.Debug|Any CPU.ActiveCfg = Debug|Any CPU
		{8B9E05BA-3F9A-43D8-8CB6-8C709804BB61}.Debug|Any CPU.Build.0 = Debug|Any CPU
		{8B9E05BA-3F9A-43D8-8CB6-8C709804BB61}.Release|Any CPU.ActiveCfg = Release|Any CPU
		{8B9E05BA-3F9A-43D8-8CB6-8C709804BB61}.Release|Any CPU.Build.0 = Release|Any CPU
		{FE75B430-FBA0-4352-AF98-F6DB28264A43}.Debug|Any CPU.ActiveCfg = Debug|Any CPU
		{FE75B430-FBA0-4352-AF98-F6DB28264A43}.Debug|Any CPU.Build.0 = Debug|Any CPU
		{FE75B430-FBA0-4352-AF98-F6DB28264A43}.Release|Any CPU.ActiveCfg = Release|Any CPU
		{FE75B430-FBA0-4352-AF98-F6DB28264A43}.Release|Any CPU.Build.0 = Release|Any CPU
		{D3FF2C42-AF15-4208-8250-03E9E5D5EF2F}.Debug|Any CPU.ActiveCfg = Debug|Any CPU
		{D3FF2C42-AF15-4208-8250-03E9E5D5EF2F}.Debug|Any CPU.Build.0 = Debug|Any CPU
		{D3FF2C42-AF15-4208-8250-03E9E5D5EF2F}.Release|Any CPU.ActiveCfg = Release|Any CPU
		{D3FF2C42-AF15-4208-8250-03E9E5D5EF2F}.Release|Any CPU.Build.0 = Release|Any CPU
		{DFD4D187-94EF-45D3-9AEF-591F11AD9B2A}.Debug|Any CPU.ActiveCfg = Debug|Any CPU
		{DFD4D187-94EF-45D3-9AEF-591F11AD9B2A}.Debug|Any CPU.Build.0 = Debug|Any CPU
		{DFD4D187-94EF-45D3-9AEF-591F11AD9B2A}.Release|Any CPU.ActiveCfg = Release|Any CPU
		{DFD4D187-94EF-45D3-9AEF-591F11AD9B2A}.Release|Any CPU.Build.0 = Release|Any CPU
		{3CFED4A7-E12B-4368-B235-DDECD327CB9C}.Debug|Any CPU.ActiveCfg = Debug|Any CPU
		{3CFED4A7-E12B-4368-B235-DDECD327CB9C}.Debug|Any CPU.Build.0 = Debug|Any CPU
		{3CFED4A7-E12B-4368-B235-DDECD327CB9C}.Release|Any CPU.ActiveCfg = Release|Any CPU
		{3CFED4A7-E12B-4368-B235-DDECD327CB9C}.Release|Any CPU.Build.0 = Release|Any CPU
		{51971B44-C0EA-4F8E-A4A9-8D639CFC984E}.Debug|Any CPU.ActiveCfg = Debug|Any CPU
		{51971B44-C0EA-4F8E-A4A9-8D639CFC984E}.Debug|Any CPU.Build.0 = Debug|Any CPU
		{51971B44-C0EA-4F8E-A4A9-8D639CFC984E}.Release|Any CPU.ActiveCfg = Release|Any CPU
		{51971B44-C0EA-4F8E-A4A9-8D639CFC984E}.Release|Any CPU.Build.0 = Release|Any CPU
		{99A345CE-2C0A-4118-869E-8C69E38B0EF6}.Debug|Any CPU.ActiveCfg = Debug|Any CPU
		{99A345CE-2C0A-4118-869E-8C69E38B0EF6}.Debug|Any CPU.Build.0 = Debug|Any CPU
		{99A345CE-2C0A-4118-869E-8C69E38B0EF6}.Release|Any CPU.ActiveCfg = Release|Any CPU
		{99A345CE-2C0A-4118-869E-8C69E38B0EF6}.Release|Any CPU.Build.0 = Release|Any CPU
		{08F28B2C-8D47-43D9-A4DF-B88695A57E33}.Debug|Any CPU.ActiveCfg = Debug|Any CPU
		{08F28B2C-8D47-43D9-A4DF-B88695A57E33}.Debug|Any CPU.Build.0 = Debug|Any CPU
		{08F28B2C-8D47-43D9-A4DF-B88695A57E33}.Release|Any CPU.ActiveCfg = Release|Any CPU
		{08F28B2C-8D47-43D9-A4DF-B88695A57E33}.Release|Any CPU.Build.0 = Release|Any CPU
		{739A577A-0E6D-45D2-B7C2-900B741D2323}.Debug|Any CPU.ActiveCfg = Debug|Any CPU
		{739A577A-0E6D-45D2-B7C2-900B741D2323}.Debug|Any CPU.Build.0 = Debug|Any CPU
		{739A577A-0E6D-45D2-B7C2-900B741D2323}.Release|Any CPU.ActiveCfg = Release|Any CPU
		{739A577A-0E6D-45D2-B7C2-900B741D2323}.Release|Any CPU.Build.0 = Release|Any CPU
		{EC9B713B-FFC4-4A8E-A993-BA2FECFCC3CC}.Debug|Any CPU.ActiveCfg = Debug|Any CPU
		{EC9B713B-FFC4-4A8E-A993-BA2FECFCC3CC}.Debug|Any CPU.Build.0 = Debug|Any CPU
		{EC9B713B-FFC4-4A8E-A993-BA2FECFCC3CC}.Release|Any CPU.ActiveCfg = Release|Any CPU
		{EC9B713B-FFC4-4A8E-A993-BA2FECFCC3CC}.Release|Any CPU.Build.0 = Release|Any CPU
		{B45D57F7-623E-470C-9AA6-F91655D7FFCB}.Debug|Any CPU.ActiveCfg = Debug|Any CPU
		{B45D57F7-623E-470C-9AA6-F91655D7FFCB}.Debug|Any CPU.Build.0 = Debug|Any CPU
		{B45D57F7-623E-470C-9AA6-F91655D7FFCB}.Release|Any CPU.ActiveCfg = Release|Any CPU
		{B45D57F7-623E-470C-9AA6-F91655D7FFCB}.Release|Any CPU.Build.0 = Release|Any CPU
		{0BEF47C9-537A-4452-B7D7-9CD50E917423}.Debug|Any CPU.ActiveCfg = Debug|Any CPU
		{0BEF47C9-537A-4452-B7D7-9CD50E917423}.Debug|Any CPU.Build.0 = Debug|Any CPU
		{0BEF47C9-537A-4452-B7D7-9CD50E917423}.Release|Any CPU.ActiveCfg = Release|Any CPU
		{0BEF47C9-537A-4452-B7D7-9CD50E917423}.Release|Any CPU.Build.0 = Release|Any CPU
		{C37AFDAB-EBB4-4627-AF0B-F012A8069D9D}.Debug|Any CPU.ActiveCfg = Debug|Any CPU
		{C37AFDAB-EBB4-4627-AF0B-F012A8069D9D}.Debug|Any CPU.Build.0 = Debug|Any CPU
		{C37AFDAB-EBB4-4627-AF0B-F012A8069D9D}.Release|Any CPU.ActiveCfg = Release|Any CPU
		{C37AFDAB-EBB4-4627-AF0B-F012A8069D9D}.Release|Any CPU.Build.0 = Release|Any CPU
		{E57924A1-B3CC-44FD-97C0-DE9557918B79}.Debug|Any CPU.ActiveCfg = Debug|Any CPU
		{E57924A1-B3CC-44FD-97C0-DE9557918B79}.Debug|Any CPU.Build.0 = Debug|Any CPU
		{E57924A1-B3CC-44FD-97C0-DE9557918B79}.Release|Any CPU.ActiveCfg = Release|Any CPU
		{E57924A1-B3CC-44FD-97C0-DE9557918B79}.Release|Any CPU.Build.0 = Release|Any CPU
		{0721AAEC-0138-4C49-B5B7-F5A47F826C52}.Debug|Any CPU.ActiveCfg = Debug|Any CPU
		{0721AAEC-0138-4C49-B5B7-F5A47F826C52}.Debug|Any CPU.Build.0 = Debug|Any CPU
		{0721AAEC-0138-4C49-B5B7-F5A47F826C52}.Release|Any CPU.ActiveCfg = Release|Any CPU
		{0721AAEC-0138-4C49-B5B7-F5A47F826C52}.Release|Any CPU.Build.0 = Release|Any CPU
		{847A50C4-21F5-4CA7-83FC-729E866D91F3}.Debug|Any CPU.ActiveCfg = Debug|Any CPU
		{847A50C4-21F5-4CA7-83FC-729E866D91F3}.Debug|Any CPU.Build.0 = Debug|Any CPU
		{847A50C4-21F5-4CA7-83FC-729E866D91F3}.Release|Any CPU.ActiveCfg = Release|Any CPU
		{847A50C4-21F5-4CA7-83FC-729E866D91F3}.Release|Any CPU.Build.0 = Release|Any CPU
		{D07F1DE5-3BF2-423C-8B80-D99D53537461}.Debug|Any CPU.ActiveCfg = Debug|Any CPU
		{D07F1DE5-3BF2-423C-8B80-D99D53537461}.Debug|Any CPU.Build.0 = Debug|Any CPU
		{D07F1DE5-3BF2-423C-8B80-D99D53537461}.Release|Any CPU.ActiveCfg = Release|Any CPU
		{D07F1DE5-3BF2-423C-8B80-D99D53537461}.Release|Any CPU.Build.0 = Release|Any CPU
		{853B8E3F-E4EB-48EB-99C5-A3966ABB0F60}.Debug|Any CPU.ActiveCfg = Debug|Any CPU
		{853B8E3F-E4EB-48EB-99C5-A3966ABB0F60}.Debug|Any CPU.Build.0 = Debug|Any CPU
		{853B8E3F-E4EB-48EB-99C5-A3966ABB0F60}.Release|Any CPU.ActiveCfg = Release|Any CPU
		{853B8E3F-E4EB-48EB-99C5-A3966ABB0F60}.Release|Any CPU.Build.0 = Release|Any CPU
		{0DB5E972-337E-45DE-B03D-783830295D99}.Debug|Any CPU.ActiveCfg = Debug|Any CPU
		{0DB5E972-337E-45DE-B03D-783830295D99}.Debug|Any CPU.Build.0 = Debug|Any CPU
		{0DB5E972-337E-45DE-B03D-783830295D99}.Release|Any CPU.ActiveCfg = Release|Any CPU
		{0DB5E972-337E-45DE-B03D-783830295D99}.Release|Any CPU.Build.0 = Release|Any CPU
		{6D306FDC-3D26-4354-BC00-EC3FA97D6AAF}.Debug|Any CPU.ActiveCfg = Debug|Any CPU
		{6D306FDC-3D26-4354-BC00-EC3FA97D6AAF}.Debug|Any CPU.Build.0 = Debug|Any CPU
		{6D306FDC-3D26-4354-BC00-EC3FA97D6AAF}.Release|Any CPU.ActiveCfg = Release|Any CPU
		{6D306FDC-3D26-4354-BC00-EC3FA97D6AAF}.Release|Any CPU.Build.0 = Release|Any CPU
		{7263FEC2-A57D-45E3-B79E-504138B6D85E}.Debug|Any CPU.ActiveCfg = Debug|Any CPU
		{7263FEC2-A57D-45E3-B79E-504138B6D85E}.Debug|Any CPU.Build.0 = Debug|Any CPU
		{7263FEC2-A57D-45E3-B79E-504138B6D85E}.Release|Any CPU.ActiveCfg = Release|Any CPU
		{7263FEC2-A57D-45E3-B79E-504138B6D85E}.Release|Any CPU.Build.0 = Release|Any CPU
		{1AF52D2C-FB21-4730-97B5-2AF63CE55947}.Debug|Any CPU.ActiveCfg = Debug|Any CPU
		{1AF52D2C-FB21-4730-97B5-2AF63CE55947}.Debug|Any CPU.Build.0 = Debug|Any CPU
		{1AF52D2C-FB21-4730-97B5-2AF63CE55947}.Release|Any CPU.ActiveCfg = Release|Any CPU
		{1AF52D2C-FB21-4730-97B5-2AF63CE55947}.Release|Any CPU.Build.0 = Release|Any CPU
		{3C3842DE-E7D2-4DB6-B077-F9F685110C9E}.Debug|Any CPU.ActiveCfg = Debug|Any CPU
		{3C3842DE-E7D2-4DB6-B077-F9F685110C9E}.Debug|Any CPU.Build.0 = Debug|Any CPU
		{3C3842DE-E7D2-4DB6-B077-F9F685110C9E}.Release|Any CPU.ActiveCfg = Release|Any CPU
		{3C3842DE-E7D2-4DB6-B077-F9F685110C9E}.Release|Any CPU.Build.0 = Release|Any CPU
		{62A059F2-11DB-44F5-BA0F-34D8D59C25E5}.Debug|Any CPU.ActiveCfg = Debug|Any CPU
		{62A059F2-11DB-44F5-BA0F-34D8D59C25E5}.Debug|Any CPU.Build.0 = Debug|Any CPU
		{62A059F2-11DB-44F5-BA0F-34D8D59C25E5}.Release|Any CPU.ActiveCfg = Release|Any CPU
		{62A059F2-11DB-44F5-BA0F-34D8D59C25E5}.Release|Any CPU.Build.0 = Release|Any CPU
		{522C87C0-9C4A-4AC2-BA8E-C8D7BB7E001A}.Debug|Any CPU.ActiveCfg = Debug|Any CPU
		{522C87C0-9C4A-4AC2-BA8E-C8D7BB7E001A}.Debug|Any CPU.Build.0 = Debug|Any CPU
		{522C87C0-9C4A-4AC2-BA8E-C8D7BB7E001A}.Release|Any CPU.ActiveCfg = Release|Any CPU
		{522C87C0-9C4A-4AC2-BA8E-C8D7BB7E001A}.Release|Any CPU.Build.0 = Release|Any CPU
	EndGlobalSection
	GlobalSection(SolutionProperties) = preSolution
		HideSolutionNode = FALSE
	EndGlobalSection
	GlobalSection(ExtensibilityGlobals) = postSolution
		SolutionGuid = {0368A400-7642-4E29-BE6C-ACC29B5ECB5E}
	EndGlobalSection
EndGlobal
